
Microsoft Visual Studio Solution File, Format Version 12.00
# Visual Studio Version 16
VisualStudioVersion = 16.0.31105.61
MinimumVisualStudioVersion = 10.0.40219.1
Project("{FAE04EC0-301F-11D3-BF4B-00C04F79EFBC}") = "KeyboardRecord", "KeyboardRecord.csproj", "{82091D55-864B-4555-84AB-2C3265D92F5F}"
EndProject
Global
	GlobalSection(SolutionConfigurationPlatforms) = preSolution
		Debug|Any CPU = Debug|Any CPU
		Release|Any CPU = Release|Any CPU
	EndGlobalSection
	GlobalSection(ProjectConfigurationPlatforms) = postSolution
		{82091D55-864B-4555-84AB-2C3265D92F5F}.Debug|Any CPU.ActiveCfg = Debug|Any CPU
		{82091D55-864B-4555-84AB-2C3265D92F5F}.Debug|Any CPU.Build.0 = Debug|Any CPU
		{82091D55-864B-4555-84AB-2C3265D92F5F}.Release|Any CPU.ActiveCfg = Release|Any CPU
		{82091D55-864B-4555-84AB-2C3265D92F5F}.Release|Any CPU.Build.0 = Release|Any CPU
	EndGlobalSection
	GlobalSection(SolutionProperties) = preSolution
		HideSolutionNode = FALSE
	EndGlobalSection
	GlobalSection(ExtensibilityGlobals) = postSolution
		SolutionGuid = {C4253670-3517-4FC6-814B-644059FD8AC0}
	EndGlobalSection
EndGlobal
